
Microsoft Visual Studio Solution File, Format Version 12.00
# Visual Studio 15
VisualStudioVersion = 15.0.27130.2010
MinimumVisualStudioVersion = 10.0.40219.1
Project("{8BC9CEB8-8B4A-11D0-8D11-00A0C91BC942}") = "Chapter4.1 Example1", "Chapter4.1 Example1\Chapter4.1 Example1.vcxproj", "{C36301CA-4F03-4D6A-BB5A-17372ACC2B36}"
EndProject
Project("{8BC9CEB8-8B4A-11D0-8D11-00A0C91BC942}") = "Chapter4.1 Example2", "Chapter4.1 Example2\Chapter4.1 Example2.vcxproj", "{B4F535B1-01B9-44E1-B92F-808D883CD86D}"
EndProject
Project("{8BC9CEB8-8B4A-11D0-8D11-00A0C91BC942}") = "Chapter4.1 Example3", "Chapter4.1 Example3\Chapter4.1 Example3.vcxproj", "{D9A6041C-A7FD-48FD-ABB6-E75B3BB75A07}"
EndProject
Project("{8BC9CEB8-8B4A-11D0-8D11-00A0C91BC942}") = "Chapter4.1 Exercise2", "Chapter4.1 Exercise2\Chapter4.1 Exercise2.vcxproj", "{51D26E67-094C-42BF-8E0D-E4182E2051F6}"
EndProject
Project("{8BC9CEB8-8B4A-11D0-8D11-00A0C91BC942}") = "Chapter4.2 Example1", "Chapter4.2 Example1\Chapter4.2 Example1.vcxproj", "{2794A676-16FD-4938-89E5-9943D327F12B}"
EndProject
Project("{8BC9CEB8-8B4A-11D0-8D11-00A0C91BC942}") = "Chapter4.2 Example1.1", "Chapter4.2 Example1.1\Chapter4.2 Example1.1.vcxproj", "{9E87F2CE-D562-4DCB-A1C6-80AA6D5AA3C5}"
EndProject
Project("{8BC9CEB8-8B4A-11D0-8D11-00A0C91BC942}") = "Chapter4.2 Example1.1.1", "Chapter4.2 Example1.1.1\Chapter4.2 Example1.1.1.vcxproj", "{6AD48EB1-650B-40CF-9674-FED1D5584F01}"
EndProject
Project("{8BC9CEB8-8B4A-11D0-8D11-00A0C91BC942}") = "Chapter4.2 Example2", "Chapter4.2 Example2\Chapter4.2 Example2.vcxproj", "{C0522898-97F9-4BBC-AB99-C44F8733544A}"
EndProject
Project("{8BC9CEB8-8B4A-11D0-8D11-00A0C91BC942}") = "Chapter4.2 Example2.1", "Chapter4.2 Example2.1\Chapter4.2 Example2.1.vcxproj", "{5D0A583F-CF83-4D9D-B556-64B18C329967}"
EndProject
Project("{8BC9CEB8-8B4A-11D0-8D11-00A0C91BC942}") = "Chapter4.2 Example3", "Chapter4.2 Example3\Chapter4.2 Example3.vcxproj", "{F4448ECF-F009-4546-9A4F-64F65CD9DBCA}"
EndProject
Project("{8BC9CEB8-8B4A-11D0-8D11-00A0C91BC942}") = "Chapter4.2 Exercise2", "Chapter4.2 Exercise2\Chapter4.2 Exercise2.vcxproj", "{637AAEF1-BFFD-4831-9481-AA5F4E1B6B5C}"
EndProject
Project("{8BC9CEB8-8B4A-11D0-8D11-00A0C91BC942}") = "Chapter4.2 Exercise2.1", "Chapter4.2 Exercise2.1\Chapter4.2 Exercise2.1.vcxproj", "{8C563A97-FEF7-42A7-A3F7-B859EC57DD28}"
EndProject
Project("{8BC9CEB8-8B4A-11D0-8D11-00A0C91BC942}") = "Chapter4.3 Example1", "Chapter4.3 Example1\Chapter4.3 Example1.vcxproj", "{368AB835-6A9F-460F-8183-FE32ADFC7504}"
EndProject
Project("{8BC9CEB8-8B4A-11D0-8D11-00A0C91BC942}") = "Chapter4.3 Example1.1", "Chapter4.3 Example1.1\Chapter4.3 Example1.1.vcxproj", "{482FDE68-C924-4522-AE5D-76E377C720D8}"
EndProject
Project("{8BC9CEB8-8B4A-11D0-8D11-00A0C91BC942}") = "Chapter4.3 Exercise2", "Chapter4.3 Exercise2\Chapter4.3 Exercise2.vcxproj", "{3D1A7659-480F-4175-AC45-CB2FB293FBC9}"
EndProject
Project("{8BC9CEB8-8B4A-11D0-8D11-00A0C91BC942}") = "Chapter4.3 Exercise3", "Chapter4.3 Exercise3\Chapter4.3 Exercise3.vcxproj", "{34FDF477-0F5B-4667-9DCD-2BF373040E20}"
EndProject
Project("{8BC9CEB8-8B4A-11D0-8D11-00A0C91BC942}") = "Chapter4.4 Example1", "Chapter4.4 Example1\Chapter4.4 Example1.vcxproj", "{100071E3-1FE3-4109-B373-02517CEF463F}"
EndProject
Project("{8BC9CEB8-8B4A-11D0-8D11-00A0C91BC942}") = "Chapter4.4 Example3", "Chapter4.4 Example3\Chapter4.4 Example3.vcxproj", "{066861BC-2B53-4305-B6A9-736F3C492E65}"
EndProject
Project("{8BC9CEB8-8B4A-11D0-8D11-00A0C91BC942}") = "Chapter4.4 Example4", "Chapter4.4 Example4\Chapter4.4 Example4.vcxproj", "{EA21322A-C037-4543-87A8-F3EB184642C4}"
EndProject
Project("{8BC9CEB8-8B4A-11D0-8D11-00A0C91BC942}") = "Chapter4.4 Exercise1", "Chapter4.4 Exercise1\Chapter4.4 Exercise1.vcxproj", "{7D901A6B-053D-42BC-B03D-34E7F8DD3000}"
EndProject
Project("{8BC9CEB8-8B4A-11D0-8D11-00A0C91BC942}") = "Chapter4.5 Example1", "Chapter4.5 Example1\Chapter4.5 Example1.vcxproj", "{B87F0118-99CB-47EF-BF3D-EB7401812E59}"
EndProject
Project("{8BC9CEB8-8B4A-11D0-8D11-00A0C91BC942}") = "Chapter4.5 Example2", "Chapter4.5 Example2\Chapter4.5 Example2.vcxproj", "{33693C7D-5895-4BD6-AC8D-31731DD12F4F}"
EndProject
Project("{8BC9CEB8-8B4A-11D0-8D11-00A0C91BC942}") = "Chapter4.6 Example1", "Chapter4.6 Example1\Chapter4.6 Example1.vcxproj", "{DA69B5AA-BE08-4AA0-97AE-88EBBA3F08AA}"
EndProject
Project("{8BC9CEB8-8B4A-11D0-8D11-00A0C91BC942}") = "Chapter4.6 Example2", "Chapter4.6 Example2\Chapter4.6 Example2.vcxproj", "{0D191572-58F3-44DE-BD40-57E3F86E1949}"
EndProject
Project("{8BC9CEB8-8B4A-11D0-8D11-00A0C91BC942}") = "Chapter4.7 Example1", "Chapter4.7 Example1\Chapter4.7 Example1.vcxproj", "{64161205-4E38-411F-A9E3-B3F97D481F5F}"
EndProject
Project("{8BC9CEB8-8B4A-11D0-8D11-00A0C91BC942}") = "Chapter4.7 Exercise1", "Chapter4.7 Exercise1\Chapter4.7 Exercise1.vcxproj", "{01CBA651-4152-4952-A28F-879202E59E90}"
EndProject
Project("{8BC9CEB8-8B4A-11D0-8D11-00A0C91BC942}") = "Chapter4.7 Z Knowledge test7", "Chapter4.7 Z Knowledge test7\Chapter4.7 Z Knowledge test7.vcxproj", "{2B8BA76E-F0C7-43C2-B859-961A6ABC640F}"
EndProject
Project("{8BC9CEB8-8B4A-11D0-8D11-00A0C91BC942}") = "Chapter4.7 Z Knowledge test7 Book version", "Chapter4.7 Z Knowledge test7 Book version\Chapter4.7 Z Knowledge test7 Book version.vcxproj", "{D080FF4E-81E7-4917-B98D-8E6F659458FC}"
EndProject
Project("{8BC9CEB8-8B4A-11D0-8D11-00A0C91BC942}") = "Chapter5 Beginning test3", "Chapter5 Beginning test3\Chapter5 Beginning test3.vcxproj", "{643B5246-B319-4E50-9E5F-808663AB9F67}"
EndProject
Project("{8BC9CEB8-8B4A-11D0-8D11-00A0C91BC942}") = "Chapter5.1 Example1", "Chapter5.1 Example1\Chapter5.1 Example1.vcxproj", "{46B81B23-7C31-4943-B62C-10629CB17BA2}"
EndProject
Project("{8BC9CEB8-8B4A-11D0-8D11-00A0C91BC942}") = "Chapter5.1 Example1.1", "Chapter5.1 Example1.1\Chapter5.1 Example1.1.vcxproj", "{002D27AB-1D75-4FFF-A5C8-8D2BF4FB79D3}"
EndProject
Project("{8BC9CEB8-8B4A-11D0-8D11-00A0C91BC942}") = "Chapter5.1 Example2", "Chapter5.1 Example2\Chapter5.1 Example2.vcxproj", "{C8DC89B4-3CA9-4CCF-9E81-6DC71CACCDE1}"
EndProject
Project("{8BC9CEB8-8B4A-11D0-8D11-00A0C91BC942}") = "Chapter5.1 Example3", "Chapter5.1 Example3\Chapter5.1 Example3.vcxproj", "{49A8BF19-599C-4456-87FD-2F0C1358EBD4}"
EndProject
Project("{8BC9CEB8-8B4A-11D0-8D11-00A0C91BC942}") = "Chapter5.1 Example4", "Chapter5.1 Example4\Chapter5.1 Example4.vcxproj", "{2CE252C2-1D6A-4CDB-AEAF-CF4FE8A5F54B}"
EndProject
Project("{8BC9CEB8-8B4A-11D0-8D11-00A0C91BC942}") = "Chapter5.1 Exercise2", "Chapter5.1 Exercise2\Chapter5.1 Exercise2.vcxproj", "{1AB3DABE-6F2E-4185-AAF5-83F6521FA4E5}"
EndProject
Project("{8BC9CEB8-8B4A-11D0-8D11-00A0C91BC942}") = "Chapter5.1 Exercise2 Book version", "Chapter5.1 Exercise2 Book version\Chapter5.1 Exercise2 Book version.vcxproj", "{CE7C5ED4-73FC-4FEF-A908-7F0E81B15386}"
EndProject
Project("{8BC9CEB8-8B4A-11D0-8D11-00A0C91BC942}") = "Chapter5.1 Exercise3", "Chapter5.1 Exercise3\Chapter5.1 Exercise3.vcxproj", "{84A5F29C-A573-481C-93A3-625D2E0F789B}"
EndProject
Project("{8BC9CEB8-8B4A-11D0-8D11-00A0C91BC942}") = "Chapter5.2 Example1", "Chapter5.2 Example1\Chapter5.2 Example1.vcxproj", "{685B6D49-6B29-4D80-82A3-1FD9DAF83BC1}"
EndProject
Project("{8BC9CEB8-8B4A-11D0-8D11-00A0C91BC942}") = "Chapter5.2 Example1.1", "Chapter5.2 Example1.1\Chapter5.2 Example1.1.vcxproj", "{445AA7F1-E58A-4938-AFBF-CB77DD299A8E}"
EndProject
Project("{8BC9CEB8-8B4A-11D0-8D11-00A0C91BC942}") = "Chapter5.2 Example1.11", "Chapter5.2 Example1.11\Chapter5.2 Example1.11.vcxproj", "{49591F10-11E2-41A2-9D0E-3EA4CEFFE49D}"
EndProject
Project("{8BC9CEB8-8B4A-11D0-8D11-00A0C91BC942}") = "Chapter5.2 Example2", "Chapter5.2 Example2\Chapter5.2 Example2.vcxproj", "{C2114453-3993-48B8-B7F8-4A328C67B10A}"
EndProject
Project("{8BC9CEB8-8B4A-11D0-8D11-00A0C91BC942}") = "Chapter5.2 Exercise1", "Chapter5.2 Exercise1\Chapter5.2 Exercise1.vcxproj", "{EA6A5531-7724-4E52-9B08-CA01880F0839}"
EndProject
Project("{8BC9CEB8-8B4A-11D0-8D11-00A0C91BC942}") = "Chapter5.2 Exercise3", "Chapter5.2 Exercise3\Chapter5.2 Exercise3.vcxproj", "{A050EBB7-CCE3-4B66-A6EB-38B3D4C78B80}"
EndProject
Project("{8BC9CEB8-8B4A-11D0-8D11-00A0C91BC942}") = "Chapter5.2 Exercise3 Book version", "Chapter5.2 Exercise3 Book version\Chapter5.2 Exercise3 Book version.vcxproj", "{9FBBCB8A-20F1-44C4-844E-FE089904DC3E}"
EndProject
Project("{8BC9CEB8-8B4A-11D0-8D11-00A0C91BC942}") = "Chapter5.3 Example1", "Chapter5.3 Example1\Chapter5.3 Example1.vcxproj", "{D90FE11F-24C6-4A28-9D98-9E96FF170210}"
EndProject
Project("{8BC9CEB8-8B4A-11D0-8D11-00A0C91BC942}") = "Chapter5.3 Example1.1", "Chapter5.3 Example1.1\Chapter5.3 Example1.1.vcxproj", "{1155CD63-EE04-45CF-997A-23390C157042}"
EndProject
Global
	GlobalSection(SolutionConfigurationPlatforms) = preSolution
		Debug|x64 = Debug|x64
		Debug|x86 = Debug|x86
		Release|x64 = Release|x64
		Release|x86 = Release|x86
	EndGlobalSection
	GlobalSection(ProjectConfigurationPlatforms) = postSolution
		{C36301CA-4F03-4D6A-BB5A-17372ACC2B36}.Debug|x64.ActiveCfg = Debug|x64
		{C36301CA-4F03-4D6A-BB5A-17372ACC2B36}.Debug|x64.Build.0 = Debug|x64
		{C36301CA-4F03-4D6A-BB5A-17372ACC2B36}.Debug|x86.ActiveCfg = Debug|Win32
		{C36301CA-4F03-4D6A-BB5A-17372ACC2B36}.Debug|x86.Build.0 = Debug|Win32
		{C36301CA-4F03-4D6A-BB5A-17372ACC2B36}.Release|x64.ActiveCfg = Release|x64
		{C36301CA-4F03-4D6A-BB5A-17372ACC2B36}.Release|x64.Build.0 = Release|x64
		{C36301CA-4F03-4D6A-BB5A-17372ACC2B36}.Release|x86.ActiveCfg = Release|Win32
		{C36301CA-4F03-4D6A-BB5A-17372ACC2B36}.Release|x86.Build.0 = Release|Win32
		{B4F535B1-01B9-44E1-B92F-808D883CD86D}.Debug|x64.ActiveCfg = Debug|x64
		{B4F535B1-01B9-44E1-B92F-808D883CD86D}.Debug|x64.Build.0 = Debug|x64
		{B4F535B1-01B9-44E1-B92F-808D883CD86D}.Debug|x86.ActiveCfg = Debug|Win32
		{B4F535B1-01B9-44E1-B92F-808D883CD86D}.Debug|x86.Build.0 = Debug|Win32
		{B4F535B1-01B9-44E1-B92F-808D883CD86D}.Release|x64.ActiveCfg = Release|x64
		{B4F535B1-01B9-44E1-B92F-808D883CD86D}.Release|x64.Build.0 = Release|x64
		{B4F535B1-01B9-44E1-B92F-808D883CD86D}.Release|x86.ActiveCfg = Release|Win32
		{B4F535B1-01B9-44E1-B92F-808D883CD86D}.Release|x86.Build.0 = Release|Win32
		{D9A6041C-A7FD-48FD-ABB6-E75B3BB75A07}.Debug|x64.ActiveCfg = Debug|x64
		{D9A6041C-A7FD-48FD-ABB6-E75B3BB75A07}.Debug|x64.Build.0 = Debug|x64
		{D9A6041C-A7FD-48FD-ABB6-E75B3BB75A07}.Debug|x86.ActiveCfg = Debug|Win32
		{D9A6041C-A7FD-48FD-ABB6-E75B3BB75A07}.Debug|x86.Build.0 = Debug|Win32
		{D9A6041C-A7FD-48FD-ABB6-E75B3BB75A07}.Release|x64.ActiveCfg = Release|x64
		{D9A6041C-A7FD-48FD-ABB6-E75B3BB75A07}.Release|x64.Build.0 = Release|x64
		{D9A6041C-A7FD-48FD-ABB6-E75B3BB75A07}.Release|x86.ActiveCfg = Release|Win32
		{D9A6041C-A7FD-48FD-ABB6-E75B3BB75A07}.Release|x86.Build.0 = Release|Win32
		{51D26E67-094C-42BF-8E0D-E4182E2051F6}.Debug|x64.ActiveCfg = Debug|x64
		{51D26E67-094C-42BF-8E0D-E4182E2051F6}.Debug|x64.Build.0 = Debug|x64
		{51D26E67-094C-42BF-8E0D-E4182E2051F6}.Debug|x86.ActiveCfg = Debug|Win32
		{51D26E67-094C-42BF-8E0D-E4182E2051F6}.Debug|x86.Build.0 = Debug|Win32
		{51D26E67-094C-42BF-8E0D-E4182E2051F6}.Release|x64.ActiveCfg = Release|x64
		{51D26E67-094C-42BF-8E0D-E4182E2051F6}.Release|x64.Build.0 = Release|x64
		{51D26E67-094C-42BF-8E0D-E4182E2051F6}.Release|x86.ActiveCfg = Release|Win32
		{51D26E67-094C-42BF-8E0D-E4182E2051F6}.Release|x86.Build.0 = Release|Win32
		{2794A676-16FD-4938-89E5-9943D327F12B}.Debug|x64.ActiveCfg = Debug|x64
		{2794A676-16FD-4938-89E5-9943D327F12B}.Debug|x64.Build.0 = Debug|x64
		{2794A676-16FD-4938-89E5-9943D327F12B}.Debug|x86.ActiveCfg = Debug|Win32
		{2794A676-16FD-4938-89E5-9943D327F12B}.Debug|x86.Build.0 = Debug|Win32
		{2794A676-16FD-4938-89E5-9943D327F12B}.Release|x64.ActiveCfg = Release|x64
		{2794A676-16FD-4938-89E5-9943D327F12B}.Release|x64.Build.0 = Release|x64
		{2794A676-16FD-4938-89E5-9943D327F12B}.Release|x86.ActiveCfg = Release|Win32
		{2794A676-16FD-4938-89E5-9943D327F12B}.Release|x86.Build.0 = Release|Win32
		{9E87F2CE-D562-4DCB-A1C6-80AA6D5AA3C5}.Debug|x64.ActiveCfg = Debug|x64
		{9E87F2CE-D562-4DCB-A1C6-80AA6D5AA3C5}.Debug|x64.Build.0 = Debug|x64
		{9E87F2CE-D562-4DCB-A1C6-80AA6D5AA3C5}.Debug|x86.ActiveCfg = Debug|Win32
		{9E87F2CE-D562-4DCB-A1C6-80AA6D5AA3C5}.Debug|x86.Build.0 = Debug|Win32
		{9E87F2CE-D562-4DCB-A1C6-80AA6D5AA3C5}.Release|x64.ActiveCfg = Release|x64
		{9E87F2CE-D562-4DCB-A1C6-80AA6D5AA3C5}.Release|x64.Build.0 = Release|x64
		{9E87F2CE-D562-4DCB-A1C6-80AA6D5AA3C5}.Release|x86.ActiveCfg = Release|Win32
		{9E87F2CE-D562-4DCB-A1C6-80AA6D5AA3C5}.Release|x86.Build.0 = Release|Win32
		{6AD48EB1-650B-40CF-9674-FED1D5584F01}.Debug|x64.ActiveCfg = Debug|x64
		{6AD48EB1-650B-40CF-9674-FED1D5584F01}.Debug|x64.Build.0 = Debug|x64
		{6AD48EB1-650B-40CF-9674-FED1D5584F01}.Debug|x86.ActiveCfg = Debug|Win32
		{6AD48EB1-650B-40CF-9674-FED1D5584F01}.Debug|x86.Build.0 = Debug|Win32
		{6AD48EB1-650B-40CF-9674-FED1D5584F01}.Release|x64.ActiveCfg = Release|x64
		{6AD48EB1-650B-40CF-9674-FED1D5584F01}.Release|x64.Build.0 = Release|x64
		{6AD48EB1-650B-40CF-9674-FED1D5584F01}.Release|x86.ActiveCfg = Release|Win32
		{6AD48EB1-650B-40CF-9674-FED1D5584F01}.Release|x86.Build.0 = Release|Win32
		{C0522898-97F9-4BBC-AB99-C44F8733544A}.Debug|x64.ActiveCfg = Debug|x64
		{C0522898-97F9-4BBC-AB99-C44F8733544A}.Debug|x64.Build.0 = Debug|x64
		{C0522898-97F9-4BBC-AB99-C44F8733544A}.Debug|x86.ActiveCfg = Debug|Win32
		{C0522898-97F9-4BBC-AB99-C44F8733544A}.Debug|x86.Build.0 = Debug|Win32
		{C0522898-97F9-4BBC-AB99-C44F8733544A}.Release|x64.ActiveCfg = Release|x64
		{C0522898-97F9-4BBC-AB99-C44F8733544A}.Release|x64.Build.0 = Release|x64
		{C0522898-97F9-4BBC-AB99-C44F8733544A}.Release|x86.ActiveCfg = Release|Win32
		{C0522898-97F9-4BBC-AB99-C44F8733544A}.Release|x86.Build.0 = Release|Win32
		{5D0A583F-CF83-4D9D-B556-64B18C329967}.Debug|x64.ActiveCfg = Debug|x64
		{5D0A583F-CF83-4D9D-B556-64B18C329967}.Debug|x64.Build.0 = Debug|x64
		{5D0A583F-CF83-4D9D-B556-64B18C329967}.Debug|x86.ActiveCfg = Debug|Win32
		{5D0A583F-CF83-4D9D-B556-64B18C329967}.Debug|x86.Build.0 = Debug|Win32
		{5D0A583F-CF83-4D9D-B556-64B18C329967}.Release|x64.ActiveCfg = Release|x64
		{5D0A583F-CF83-4D9D-B556-64B18C329967}.Release|x64.Build.0 = Release|x64
		{5D0A583F-CF83-4D9D-B556-64B18C329967}.Release|x86.ActiveCfg = Release|Win32
		{5D0A583F-CF83-4D9D-B556-64B18C329967}.Release|x86.Build.0 = Release|Win32
		{F4448ECF-F009-4546-9A4F-64F65CD9DBCA}.Debug|x64.ActiveCfg = Debug|x64
		{F4448ECF-F009-4546-9A4F-64F65CD9DBCA}.Debug|x64.Build.0 = Debug|x64
		{F4448ECF-F009-4546-9A4F-64F65CD9DBCA}.Debug|x86.ActiveCfg = Debug|Win32
		{F4448ECF-F009-4546-9A4F-64F65CD9DBCA}.Debug|x86.Build.0 = Debug|Win32
		{F4448ECF-F009-4546-9A4F-64F65CD9DBCA}.Release|x64.ActiveCfg = Release|x64
		{F4448ECF-F009-4546-9A4F-64F65CD9DBCA}.Release|x64.Build.0 = Release|x64
		{F4448ECF-F009-4546-9A4F-64F65CD9DBCA}.Release|x86.ActiveCfg = Release|Win32
		{F4448ECF-F009-4546-9A4F-64F65CD9DBCA}.Release|x86.Build.0 = Release|Win32
		{637AAEF1-BFFD-4831-9481-AA5F4E1B6B5C}.Debug|x64.ActiveCfg = Debug|x64
		{637AAEF1-BFFD-4831-9481-AA5F4E1B6B5C}.Debug|x64.Build.0 = Debug|x64
		{637AAEF1-BFFD-4831-9481-AA5F4E1B6B5C}.Debug|x86.ActiveCfg = Debug|Win32
		{637AAEF1-BFFD-4831-9481-AA5F4E1B6B5C}.Debug|x86.Build.0 = Debug|Win32
		{637AAEF1-BFFD-4831-9481-AA5F4E1B6B5C}.Release|x64.ActiveCfg = Release|x64
		{637AAEF1-BFFD-4831-9481-AA5F4E1B6B5C}.Release|x64.Build.0 = Release|x64
		{637AAEF1-BFFD-4831-9481-AA5F4E1B6B5C}.Release|x86.ActiveCfg = Release|Win32
		{637AAEF1-BFFD-4831-9481-AA5F4E1B6B5C}.Release|x86.Build.0 = Release|Win32
		{8C563A97-FEF7-42A7-A3F7-B859EC57DD28}.Debug|x64.ActiveCfg = Debug|x64
		{8C563A97-FEF7-42A7-A3F7-B859EC57DD28}.Debug|x64.Build.0 = Debug|x64
		{8C563A97-FEF7-42A7-A3F7-B859EC57DD28}.Debug|x86.ActiveCfg = Debug|Win32
		{8C563A97-FEF7-42A7-A3F7-B859EC57DD28}.Debug|x86.Build.0 = Debug|Win32
		{8C563A97-FEF7-42A7-A3F7-B859EC57DD28}.Release|x64.ActiveCfg = Release|x64
		{8C563A97-FEF7-42A7-A3F7-B859EC57DD28}.Release|x64.Build.0 = Release|x64
		{8C563A97-FEF7-42A7-A3F7-B859EC57DD28}.Release|x86.ActiveCfg = Release|Win32
		{8C563A97-FEF7-42A7-A3F7-B859EC57DD28}.Release|x86.Build.0 = Release|Win32
		{368AB835-6A9F-460F-8183-FE32ADFC7504}.Debug|x64.ActiveCfg = Debug|x64
		{368AB835-6A9F-460F-8183-FE32ADFC7504}.Debug|x64.Build.0 = Debug|x64
		{368AB835-6A9F-460F-8183-FE32ADFC7504}.Debug|x86.ActiveCfg = Debug|Win32
		{368AB835-6A9F-460F-8183-FE32ADFC7504}.Debug|x86.Build.0 = Debug|Win32
		{368AB835-6A9F-460F-8183-FE32ADFC7504}.Release|x64.ActiveCfg = Release|x64
		{368AB835-6A9F-460F-8183-FE32ADFC7504}.Release|x64.Build.0 = Release|x64
		{368AB835-6A9F-460F-8183-FE32ADFC7504}.Release|x86.ActiveCfg = Release|Win32
		{368AB835-6A9F-460F-8183-FE32ADFC7504}.Release|x86.Build.0 = Release|Win32
		{482FDE68-C924-4522-AE5D-76E377C720D8}.Debug|x64.ActiveCfg = Debug|x64
		{482FDE68-C924-4522-AE5D-76E377C720D8}.Debug|x64.Build.0 = Debug|x64
		{482FDE68-C924-4522-AE5D-76E377C720D8}.Debug|x86.ActiveCfg = Debug|Win32
		{482FDE68-C924-4522-AE5D-76E377C720D8}.Debug|x86.Build.0 = Debug|Win32
		{482FDE68-C924-4522-AE5D-76E377C720D8}.Release|x64.ActiveCfg = Release|x64
		{482FDE68-C924-4522-AE5D-76E377C720D8}.Release|x64.Build.0 = Release|x64
		{482FDE68-C924-4522-AE5D-76E377C720D8}.Release|x86.ActiveCfg = Release|Win32
		{482FDE68-C924-4522-AE5D-76E377C720D8}.Release|x86.Build.0 = Release|Win32
		{3D1A7659-480F-4175-AC45-CB2FB293FBC9}.Debug|x64.ActiveCfg = Debug|x64
		{3D1A7659-480F-4175-AC45-CB2FB293FBC9}.Debug|x64.Build.0 = Debug|x64
		{3D1A7659-480F-4175-AC45-CB2FB293FBC9}.Debug|x86.ActiveCfg = Debug|Win32
		{3D1A7659-480F-4175-AC45-CB2FB293FBC9}.Debug|x86.Build.0 = Debug|Win32
		{3D1A7659-480F-4175-AC45-CB2FB293FBC9}.Release|x64.ActiveCfg = Release|x64
		{3D1A7659-480F-4175-AC45-CB2FB293FBC9}.Release|x64.Build.0 = Release|x64
		{3D1A7659-480F-4175-AC45-CB2FB293FBC9}.Release|x86.ActiveCfg = Release|Win32
		{3D1A7659-480F-4175-AC45-CB2FB293FBC9}.Release|x86.Build.0 = Release|Win32
		{34FDF477-0F5B-4667-9DCD-2BF373040E20}.Debug|x64.ActiveCfg = Debug|x64
		{34FDF477-0F5B-4667-9DCD-2BF373040E20}.Debug|x64.Build.0 = Debug|x64
		{34FDF477-0F5B-4667-9DCD-2BF373040E20}.Debug|x86.ActiveCfg = Debug|Win32
		{34FDF477-0F5B-4667-9DCD-2BF373040E20}.Debug|x86.Build.0 = Debug|Win32
		{34FDF477-0F5B-4667-9DCD-2BF373040E20}.Release|x64.ActiveCfg = Release|x64
		{34FDF477-0F5B-4667-9DCD-2BF373040E20}.Release|x64.Build.0 = Release|x64
		{34FDF477-0F5B-4667-9DCD-2BF373040E20}.Release|x86.ActiveCfg = Release|Win32
		{34FDF477-0F5B-4667-9DCD-2BF373040E20}.Release|x86.Build.0 = Release|Win32
		{100071E3-1FE3-4109-B373-02517CEF463F}.Debug|x64.ActiveCfg = Debug|x64
		{100071E3-1FE3-4109-B373-02517CEF463F}.Debug|x64.Build.0 = Debug|x64
		{100071E3-1FE3-4109-B373-02517CEF463F}.Debug|x86.ActiveCfg = Debug|Win32
		{100071E3-1FE3-4109-B373-02517CEF463F}.Debug|x86.Build.0 = Debug|Win32
		{100071E3-1FE3-4109-B373-02517CEF463F}.Release|x64.ActiveCfg = Release|x64
		{100071E3-1FE3-4109-B373-02517CEF463F}.Release|x64.Build.0 = Release|x64
		{100071E3-1FE3-4109-B373-02517CEF463F}.Release|x86.ActiveCfg = Release|Win32
		{100071E3-1FE3-4109-B373-02517CEF463F}.Release|x86.Build.0 = Release|Win32
		{066861BC-2B53-4305-B6A9-736F3C492E65}.Debug|x64.ActiveCfg = Debug|x64
		{066861BC-2B53-4305-B6A9-736F3C492E65}.Debug|x64.Build.0 = Debug|x64
		{066861BC-2B53-4305-B6A9-736F3C492E65}.Debug|x86.ActiveCfg = Debug|Win32
		{066861BC-2B53-4305-B6A9-736F3C492E65}.Debug|x86.Build.0 = Debug|Win32
		{066861BC-2B53-4305-B6A9-736F3C492E65}.Release|x64.ActiveCfg = Release|x64
		{066861BC-2B53-4305-B6A9-736F3C492E65}.Release|x64.Build.0 = Release|x64
		{066861BC-2B53-4305-B6A9-736F3C492E65}.Release|x86.ActiveCfg = Release|Win32
		{066861BC-2B53-4305-B6A9-736F3C492E65}.Release|x86.Build.0 = Release|Win32
		{EA21322A-C037-4543-87A8-F3EB184642C4}.Debug|x64.ActiveCfg = Debug|x64
		{EA21322A-C037-4543-87A8-F3EB184642C4}.Debug|x64.Build.0 = Debug|x64
		{EA21322A-C037-4543-87A8-F3EB184642C4}.Debug|x86.ActiveCfg = Debug|Win32
		{EA21322A-C037-4543-87A8-F3EB184642C4}.Debug|x86.Build.0 = Debug|Win32
		{EA21322A-C037-4543-87A8-F3EB184642C4}.Release|x64.ActiveCfg = Release|x64
		{EA21322A-C037-4543-87A8-F3EB184642C4}.Release|x64.Build.0 = Release|x64
		{EA21322A-C037-4543-87A8-F3EB184642C4}.Release|x86.ActiveCfg = Release|Win32
		{EA21322A-C037-4543-87A8-F3EB184642C4}.Release|x86.Build.0 = Release|Win32
		{7D901A6B-053D-42BC-B03D-34E7F8DD3000}.Debug|x64.ActiveCfg = Debug|x64
		{7D901A6B-053D-42BC-B03D-34E7F8DD3000}.Debug|x64.Build.0 = Debug|x64
		{7D901A6B-053D-42BC-B03D-34E7F8DD3000}.Debug|x86.ActiveCfg = Debug|Win32
		{7D901A6B-053D-42BC-B03D-34E7F8DD3000}.Debug|x86.Build.0 = Debug|Win32
		{7D901A6B-053D-42BC-B03D-34E7F8DD3000}.Release|x64.ActiveCfg = Release|x64
		{7D901A6B-053D-42BC-B03D-34E7F8DD3000}.Release|x64.Build.0 = Release|x64
		{7D901A6B-053D-42BC-B03D-34E7F8DD3000}.Release|x86.ActiveCfg = Release|Win32
		{7D901A6B-053D-42BC-B03D-34E7F8DD3000}.Release|x86.Build.0 = Release|Win32
		{B87F0118-99CB-47EF-BF3D-EB7401812E59}.Debug|x64.ActiveCfg = Debug|x64
		{B87F0118-99CB-47EF-BF3D-EB7401812E59}.Debug|x64.Build.0 = Debug|x64
		{B87F0118-99CB-47EF-BF3D-EB7401812E59}.Debug|x86.ActiveCfg = Debug|Win32
		{B87F0118-99CB-47EF-BF3D-EB7401812E59}.Debug|x86.Build.0 = Debug|Win32
		{B87F0118-99CB-47EF-BF3D-EB7401812E59}.Release|x64.ActiveCfg = Release|x64
		{B87F0118-99CB-47EF-BF3D-EB7401812E59}.Release|x64.Build.0 = Release|x64
		{B87F0118-99CB-47EF-BF3D-EB7401812E59}.Release|x86.ActiveCfg = Release|Win32
		{B87F0118-99CB-47EF-BF3D-EB7401812E59}.Release|x86.Build.0 = Release|Win32
		{33693C7D-5895-4BD6-AC8D-31731DD12F4F}.Debug|x64.ActiveCfg = Debug|x64
		{33693C7D-5895-4BD6-AC8D-31731DD12F4F}.Debug|x64.Build.0 = Debug|x64
		{33693C7D-5895-4BD6-AC8D-31731DD12F4F}.Debug|x86.ActiveCfg = Debug|Win32
		{33693C7D-5895-4BD6-AC8D-31731DD12F4F}.Debug|x86.Build.0 = Debug|Win32
		{33693C7D-5895-4BD6-AC8D-31731DD12F4F}.Release|x64.ActiveCfg = Release|x64
		{33693C7D-5895-4BD6-AC8D-31731DD12F4F}.Release|x64.Build.0 = Release|x64
		{33693C7D-5895-4BD6-AC8D-31731DD12F4F}.Release|x86.ActiveCfg = Release|Win32
		{33693C7D-5895-4BD6-AC8D-31731DD12F4F}.Release|x86.Build.0 = Release|Win32
		{DA69B5AA-BE08-4AA0-97AE-88EBBA3F08AA}.Debug|x64.ActiveCfg = Debug|x64
		{DA69B5AA-BE08-4AA0-97AE-88EBBA3F08AA}.Debug|x64.Build.0 = Debug|x64
		{DA69B5AA-BE08-4AA0-97AE-88EBBA3F08AA}.Debug|x86.ActiveCfg = Debug|Win32
		{DA69B5AA-BE08-4AA0-97AE-88EBBA3F08AA}.Debug|x86.Build.0 = Debug|Win32
		{DA69B5AA-BE08-4AA0-97AE-88EBBA3F08AA}.Release|x64.ActiveCfg = Release|x64
		{DA69B5AA-BE08-4AA0-97AE-88EBBA3F08AA}.Release|x64.Build.0 = Release|x64
		{DA69B5AA-BE08-4AA0-97AE-88EBBA3F08AA}.Release|x86.ActiveCfg = Release|Win32
		{DA69B5AA-BE08-4AA0-97AE-88EBBA3F08AA}.Release|x86.Build.0 = Release|Win32
		{0D191572-58F3-44DE-BD40-57E3F86E1949}.Debug|x64.ActiveCfg = Debug|x64
		{0D191572-58F3-44DE-BD40-57E3F86E1949}.Debug|x64.Build.0 = Debug|x64
		{0D191572-58F3-44DE-BD40-57E3F86E1949}.Debug|x86.ActiveCfg = Debug|Win32
		{0D191572-58F3-44DE-BD40-57E3F86E1949}.Debug|x86.Build.0 = Debug|Win32
		{0D191572-58F3-44DE-BD40-57E3F86E1949}.Release|x64.ActiveCfg = Release|x64
		{0D191572-58F3-44DE-BD40-57E3F86E1949}.Release|x64.Build.0 = Release|x64
		{0D191572-58F3-44DE-BD40-57E3F86E1949}.Release|x86.ActiveCfg = Release|Win32
		{0D191572-58F3-44DE-BD40-57E3F86E1949}.Release|x86.Build.0 = Release|Win32
		{64161205-4E38-411F-A9E3-B3F97D481F5F}.Debug|x64.ActiveCfg = Debug|x64
		{64161205-4E38-411F-A9E3-B3F97D481F5F}.Debug|x64.Build.0 = Debug|x64
		{64161205-4E38-411F-A9E3-B3F97D481F5F}.Debug|x86.ActiveCfg = Debug|Win32
		{64161205-4E38-411F-A9E3-B3F97D481F5F}.Debug|x86.Build.0 = Debug|Win32
		{64161205-4E38-411F-A9E3-B3F97D481F5F}.Release|x64.ActiveCfg = Release|x64
		{64161205-4E38-411F-A9E3-B3F97D481F5F}.Release|x64.Build.0 = Release|x64
		{64161205-4E38-411F-A9E3-B3F97D481F5F}.Release|x86.ActiveCfg = Release|Win32
		{64161205-4E38-411F-A9E3-B3F97D481F5F}.Release|x86.Build.0 = Release|Win32
		{01CBA651-4152-4952-A28F-879202E59E90}.Debug|x64.ActiveCfg = Debug|x64
		{01CBA651-4152-4952-A28F-879202E59E90}.Debug|x64.Build.0 = Debug|x64
		{01CBA651-4152-4952-A28F-879202E59E90}.Debug|x86.ActiveCfg = Debug|Win32
		{01CBA651-4152-4952-A28F-879202E59E90}.Debug|x86.Build.0 = Debug|Win32
		{01CBA651-4152-4952-A28F-879202E59E90}.Release|x64.ActiveCfg = Release|x64
		{01CBA651-4152-4952-A28F-879202E59E90}.Release|x64.Build.0 = Release|x64
		{01CBA651-4152-4952-A28F-879202E59E90}.Release|x86.ActiveCfg = Release|Win32
		{01CBA651-4152-4952-A28F-879202E59E90}.Release|x86.Build.0 = Release|Win32
		{2B8BA76E-F0C7-43C2-B859-961A6ABC640F}.Debug|x64.ActiveCfg = Debug|x64
		{2B8BA76E-F0C7-43C2-B859-961A6ABC640F}.Debug|x64.Build.0 = Debug|x64
		{2B8BA76E-F0C7-43C2-B859-961A6ABC640F}.Debug|x86.ActiveCfg = Debug|Win32
		{2B8BA76E-F0C7-43C2-B859-961A6ABC640F}.Debug|x86.Build.0 = Debug|Win32
		{2B8BA76E-F0C7-43C2-B859-961A6ABC640F}.Release|x64.ActiveCfg = Release|x64
		{2B8BA76E-F0C7-43C2-B859-961A6ABC640F}.Release|x64.Build.0 = Release|x64
		{2B8BA76E-F0C7-43C2-B859-961A6ABC640F}.Release|x86.ActiveCfg = Release|Win32
		{2B8BA76E-F0C7-43C2-B859-961A6ABC640F}.Release|x86.Build.0 = Release|Win32
		{D080FF4E-81E7-4917-B98D-8E6F659458FC}.Debug|x64.ActiveCfg = Debug|x64
		{D080FF4E-81E7-4917-B98D-8E6F659458FC}.Debug|x64.Build.0 = Debug|x64
		{D080FF4E-81E7-4917-B98D-8E6F659458FC}.Debug|x86.ActiveCfg = Debug|Win32
		{D080FF4E-81E7-4917-B98D-8E6F659458FC}.Debug|x86.Build.0 = Debug|Win32
		{D080FF4E-81E7-4917-B98D-8E6F659458FC}.Release|x64.ActiveCfg = Release|x64
		{D080FF4E-81E7-4917-B98D-8E6F659458FC}.Release|x64.Build.0 = Release|x64
		{D080FF4E-81E7-4917-B98D-8E6F659458FC}.Release|x86.ActiveCfg = Release|Win32
		{D080FF4E-81E7-4917-B98D-8E6F659458FC}.Release|x86.Build.0 = Release|Win32
		{643B5246-B319-4E50-9E5F-808663AB9F67}.Debug|x64.ActiveCfg = Debug|x64
		{643B5246-B319-4E50-9E5F-808663AB9F67}.Debug|x64.Build.0 = Debug|x64
		{643B5246-B319-4E50-9E5F-808663AB9F67}.Debug|x86.ActiveCfg = Debug|Win32
		{643B5246-B319-4E50-9E5F-808663AB9F67}.Debug|x86.Build.0 = Debug|Win32
		{643B5246-B319-4E50-9E5F-808663AB9F67}.Release|x64.ActiveCfg = Release|x64
		{643B5246-B319-4E50-9E5F-808663AB9F67}.Release|x64.Build.0 = Release|x64
		{643B5246-B319-4E50-9E5F-808663AB9F67}.Release|x86.ActiveCfg = Release|Win32
		{643B5246-B319-4E50-9E5F-808663AB9F67}.Release|x86.Build.0 = Release|Win32
		{46B81B23-7C31-4943-B62C-10629CB17BA2}.Debug|x64.ActiveCfg = Debug|x64
		{46B81B23-7C31-4943-B62C-10629CB17BA2}.Debug|x64.Build.0 = Debug|x64
		{46B81B23-7C31-4943-B62C-10629CB17BA2}.Debug|x86.ActiveCfg = Debug|Win32
		{46B81B23-7C31-4943-B62C-10629CB17BA2}.Debug|x86.Build.0 = Debug|Win32
		{46B81B23-7C31-4943-B62C-10629CB17BA2}.Release|x64.ActiveCfg = Release|x64
		{46B81B23-7C31-4943-B62C-10629CB17BA2}.Release|x64.Build.0 = Release|x64
		{46B81B23-7C31-4943-B62C-10629CB17BA2}.Release|x86.ActiveCfg = Release|Win32
		{46B81B23-7C31-4943-B62C-10629CB17BA2}.Release|x86.Build.0 = Release|Win32
		{002D27AB-1D75-4FFF-A5C8-8D2BF4FB79D3}.Debug|x64.ActiveCfg = Debug|x64
		{002D27AB-1D75-4FFF-A5C8-8D2BF4FB79D3}.Debug|x64.Build.0 = Debug|x64
		{002D27AB-1D75-4FFF-A5C8-8D2BF4FB79D3}.Debug|x86.ActiveCfg = Debug|Win32
		{002D27AB-1D75-4FFF-A5C8-8D2BF4FB79D3}.Debug|x86.Build.0 = Debug|Win32
		{002D27AB-1D75-4FFF-A5C8-8D2BF4FB79D3}.Release|x64.ActiveCfg = Release|x64
		{002D27AB-1D75-4FFF-A5C8-8D2BF4FB79D3}.Release|x64.Build.0 = Release|x64
		{002D27AB-1D75-4FFF-A5C8-8D2BF4FB79D3}.Release|x86.ActiveCfg = Release|Win32
		{002D27AB-1D75-4FFF-A5C8-8D2BF4FB79D3}.Release|x86.Build.0 = Release|Win32
		{C8DC89B4-3CA9-4CCF-9E81-6DC71CACCDE1}.Debug|x64.ActiveCfg = Debug|x64
		{C8DC89B4-3CA9-4CCF-9E81-6DC71CACCDE1}.Debug|x64.Build.0 = Debug|x64
		{C8DC89B4-3CA9-4CCF-9E81-6DC71CACCDE1}.Debug|x86.ActiveCfg = Debug|Win32
		{C8DC89B4-3CA9-4CCF-9E81-6DC71CACCDE1}.Debug|x86.Build.0 = Debug|Win32
		{C8DC89B4-3CA9-4CCF-9E81-6DC71CACCDE1}.Release|x64.ActiveCfg = Release|x64
		{C8DC89B4-3CA9-4CCF-9E81-6DC71CACCDE1}.Release|x64.Build.0 = Release|x64
		{C8DC89B4-3CA9-4CCF-9E81-6DC71CACCDE1}.Release|x86.ActiveCfg = Release|Win32
		{C8DC89B4-3CA9-4CCF-9E81-6DC71CACCDE1}.Release|x86.Build.0 = Release|Win32
		{49A8BF19-599C-4456-87FD-2F0C1358EBD4}.Debug|x64.ActiveCfg = Debug|x64
		{49A8BF19-599C-4456-87FD-2F0C1358EBD4}.Debug|x64.Build.0 = Debug|x64
		{49A8BF19-599C-4456-87FD-2F0C1358EBD4}.Debug|x86.ActiveCfg = Debug|Win32
		{49A8BF19-599C-4456-87FD-2F0C1358EBD4}.Debug|x86.Build.0 = Debug|Win32
		{49A8BF19-599C-4456-87FD-2F0C1358EBD4}.Release|x64.ActiveCfg = Release|x64
		{49A8BF19-599C-4456-87FD-2F0C1358EBD4}.Release|x64.Build.0 = Release|x64
		{49A8BF19-599C-4456-87FD-2F0C1358EBD4}.Release|x86.ActiveCfg = Release|Win32
		{49A8BF19-599C-4456-87FD-2F0C1358EBD4}.Release|x86.Build.0 = Release|Win32
		{2CE252C2-1D6A-4CDB-AEAF-CF4FE8A5F54B}.Debug|x64.ActiveCfg = Debug|x64
		{2CE252C2-1D6A-4CDB-AEAF-CF4FE8A5F54B}.Debug|x64.Build.0 = Debug|x64
		{2CE252C2-1D6A-4CDB-AEAF-CF4FE8A5F54B}.Debug|x86.ActiveCfg = Debug|Win32
		{2CE252C2-1D6A-4CDB-AEAF-CF4FE8A5F54B}.Debug|x86.Build.0 = Debug|Win32
		{2CE252C2-1D6A-4CDB-AEAF-CF4FE8A5F54B}.Release|x64.ActiveCfg = Release|x64
		{2CE252C2-1D6A-4CDB-AEAF-CF4FE8A5F54B}.Release|x64.Build.0 = Release|x64
		{2CE252C2-1D6A-4CDB-AEAF-CF4FE8A5F54B}.Release|x86.ActiveCfg = Release|Win32
		{2CE252C2-1D6A-4CDB-AEAF-CF4FE8A5F54B}.Release|x86.Build.0 = Release|Win32
		{1AB3DABE-6F2E-4185-AAF5-83F6521FA4E5}.Debug|x64.ActiveCfg = Debug|x64
		{1AB3DABE-6F2E-4185-AAF5-83F6521FA4E5}.Debug|x64.Build.0 = Debug|x64
		{1AB3DABE-6F2E-4185-AAF5-83F6521FA4E5}.Debug|x86.ActiveCfg = Debug|Win32
		{1AB3DABE-6F2E-4185-AAF5-83F6521FA4E5}.Debug|x86.Build.0 = Debug|Win32
		{1AB3DABE-6F2E-4185-AAF5-83F6521FA4E5}.Release|x64.ActiveCfg = Release|x64
		{1AB3DABE-6F2E-4185-AAF5-83F6521FA4E5}.Release|x64.Build.0 = Release|x64
		{1AB3DABE-6F2E-4185-AAF5-83F6521FA4E5}.Release|x86.ActiveCfg = Release|Win32
		{1AB3DABE-6F2E-4185-AAF5-83F6521FA4E5}.Release|x86.Build.0 = Release|Win32
		{CE7C5ED4-73FC-4FEF-A908-7F0E81B15386}.Debug|x64.ActiveCfg = Debug|x64
		{CE7C5ED4-73FC-4FEF-A908-7F0E81B15386}.Debug|x64.Build.0 = Debug|x64
		{CE7C5ED4-73FC-4FEF-A908-7F0E81B15386}.Debug|x86.ActiveCfg = Debug|Win32
		{CE7C5ED4-73FC-4FEF-A908-7F0E81B15386}.Debug|x86.Build.0 = Debug|Win32
		{CE7C5ED4-73FC-4FEF-A908-7F0E81B15386}.Release|x64.ActiveCfg = Release|x64
		{CE7C5ED4-73FC-4FEF-A908-7F0E81B15386}.Release|x64.Build.0 = Release|x64
		{CE7C5ED4-73FC-4FEF-A908-7F0E81B15386}.Release|x86.ActiveCfg = Release|Win32
		{CE7C5ED4-73FC-4FEF-A908-7F0E81B15386}.Release|x86.Build.0 = Release|Win32
		{84A5F29C-A573-481C-93A3-625D2E0F789B}.Debug|x64.ActiveCfg = Debug|x64
		{84A5F29C-A573-481C-93A3-625D2E0F789B}.Debug|x64.Build.0 = Debug|x64
		{84A5F29C-A573-481C-93A3-625D2E0F789B}.Debug|x86.ActiveCfg = Debug|Win32
		{84A5F29C-A573-481C-93A3-625D2E0F789B}.Debug|x86.Build.0 = Debug|Win32
		{84A5F29C-A573-481C-93A3-625D2E0F789B}.Release|x64.ActiveCfg = Release|x64
		{84A5F29C-A573-481C-93A3-625D2E0F789B}.Release|x64.Build.0 = Release|x64
		{84A5F29C-A573-481C-93A3-625D2E0F789B}.Release|x86.ActiveCfg = Release|Win32
		{84A5F29C-A573-481C-93A3-625D2E0F789B}.Release|x86.Build.0 = Release|Win32
		{685B6D49-6B29-4D80-82A3-1FD9DAF83BC1}.Debug|x64.ActiveCfg = Debug|x64
		{685B6D49-6B29-4D80-82A3-1FD9DAF83BC1}.Debug|x64.Build.0 = Debug|x64
		{685B6D49-6B29-4D80-82A3-1FD9DAF83BC1}.Debug|x86.ActiveCfg = Debug|Win32
		{685B6D49-6B29-4D80-82A3-1FD9DAF83BC1}.Debug|x86.Build.0 = Debug|Win32
		{685B6D49-6B29-4D80-82A3-1FD9DAF83BC1}.Release|x64.ActiveCfg = Release|x64
		{685B6D49-6B29-4D80-82A3-1FD9DAF83BC1}.Release|x64.Build.0 = Release|x64
		{685B6D49-6B29-4D80-82A3-1FD9DAF83BC1}.Release|x86.ActiveCfg = Release|Win32
		{685B6D49-6B29-4D80-82A3-1FD9DAF83BC1}.Release|x86.Build.0 = Release|Win32
		{445AA7F1-E58A-4938-AFBF-CB77DD299A8E}.Debug|x64.ActiveCfg = Debug|x64
		{445AA7F1-E58A-4938-AFBF-CB77DD299A8E}.Debug|x64.Build.0 = Debug|x64
		{445AA7F1-E58A-4938-AFBF-CB77DD299A8E}.Debug|x86.ActiveCfg = Debug|Win32
		{445AA7F1-E58A-4938-AFBF-CB77DD299A8E}.Debug|x86.Build.0 = Debug|Win32
		{445AA7F1-E58A-4938-AFBF-CB77DD299A8E}.Release|x64.ActiveCfg = Release|x64
		{445AA7F1-E58A-4938-AFBF-CB77DD299A8E}.Release|x64.Build.0 = Release|x64
		{445AA7F1-E58A-4938-AFBF-CB77DD299A8E}.Release|x86.ActiveCfg = Release|Win32
		{445AA7F1-E58A-4938-AFBF-CB77DD299A8E}.Release|x86.Build.0 = Release|Win32
		{49591F10-11E2-41A2-9D0E-3EA4CEFFE49D}.Debug|x64.ActiveCfg = Debug|x64
		{49591F10-11E2-41A2-9D0E-3EA4CEFFE49D}.Debug|x64.Build.0 = Debug|x64
		{49591F10-11E2-41A2-9D0E-3EA4CEFFE49D}.Debug|x86.ActiveCfg = Debug|Win32
		{49591F10-11E2-41A2-9D0E-3EA4CEFFE49D}.Debug|x86.Build.0 = Debug|Win32
		{49591F10-11E2-41A2-9D0E-3EA4CEFFE49D}.Release|x64.ActiveCfg = Release|x64
		{49591F10-11E2-41A2-9D0E-3EA4CEFFE49D}.Release|x64.Build.0 = Release|x64
		{49591F10-11E2-41A2-9D0E-3EA4CEFFE49D}.Release|x86.ActiveCfg = Release|Win32
		{49591F10-11E2-41A2-9D0E-3EA4CEFFE49D}.Release|x86.Build.0 = Release|Win32
		{C2114453-3993-48B8-B7F8-4A328C67B10A}.Debug|x64.ActiveCfg = Debug|x64
		{C2114453-3993-48B8-B7F8-4A328C67B10A}.Debug|x64.Build.0 = Debug|x64
		{C2114453-3993-48B8-B7F8-4A328C67B10A}.Debug|x86.ActiveCfg = Debug|Win32
		{C2114453-3993-48B8-B7F8-4A328C67B10A}.Debug|x86.Build.0 = Debug|Win32
		{C2114453-3993-48B8-B7F8-4A328C67B10A}.Release|x64.ActiveCfg = Release|x64
		{C2114453-3993-48B8-B7F8-4A328C67B10A}.Release|x64.Build.0 = Release|x64
		{C2114453-3993-48B8-B7F8-4A328C67B10A}.Release|x86.ActiveCfg = Release|Win32
		{C2114453-3993-48B8-B7F8-4A328C67B10A}.Release|x86.Build.0 = Release|Win32
		{EA6A5531-7724-4E52-9B08-CA01880F0839}.Debug|x64.ActiveCfg = Debug|x64
		{EA6A5531-7724-4E52-9B08-CA01880F0839}.Debug|x64.Build.0 = Debug|x64
		{EA6A5531-7724-4E52-9B08-CA01880F0839}.Debug|x86.ActiveCfg = Debug|Win32
		{EA6A5531-7724-4E52-9B08-CA01880F0839}.Debug|x86.Build.0 = Debug|Win32
		{EA6A5531-7724-4E52-9B08-CA01880F0839}.Release|x64.ActiveCfg = Release|x64
		{EA6A5531-7724-4E52-9B08-CA01880F0839}.Release|x64.Build.0 = Release|x64
		{EA6A5531-7724-4E52-9B08-CA01880F0839}.Release|x86.ActiveCfg = Release|Win32
		{EA6A5531-7724-4E52-9B08-CA01880F0839}.Release|x86.Build.0 = Release|Win32
		{A050EBB7-CCE3-4B66-A6EB-38B3D4C78B80}.Debug|x64.ActiveCfg = Debug|x64
		{A050EBB7-CCE3-4B66-A6EB-38B3D4C78B80}.Debug|x64.Build.0 = Debug|x64
		{A050EBB7-CCE3-4B66-A6EB-38B3D4C78B80}.Debug|x86.ActiveCfg = Debug|Win32
		{A050EBB7-CCE3-4B66-A6EB-38B3D4C78B80}.Debug|x86.Build.0 = Debug|Win32
		{A050EBB7-CCE3-4B66-A6EB-38B3D4C78B80}.Release|x64.ActiveCfg = Release|x64
		{A050EBB7-CCE3-4B66-A6EB-38B3D4C78B80}.Release|x64.Build.0 = Release|x64
		{A050EBB7-CCE3-4B66-A6EB-38B3D4C78B80}.Release|x86.ActiveCfg = Release|Win32
		{A050EBB7-CCE3-4B66-A6EB-38B3D4C78B80}.Release|x86.Build.0 = Release|Win32
		{9FBBCB8A-20F1-44C4-844E-FE089904DC3E}.Debug|x64.ActiveCfg = Debug|x64
		{9FBBCB8A-20F1-44C4-844E-FE089904DC3E}.Debug|x64.Build.0 = Debug|x64
		{9FBBCB8A-20F1-44C4-844E-FE089904DC3E}.Debug|x86.ActiveCfg = Debug|Win32
		{9FBBCB8A-20F1-44C4-844E-FE089904DC3E}.Debug|x86.Build.0 = Debug|Win32
		{9FBBCB8A-20F1-44C4-844E-FE089904DC3E}.Release|x64.ActiveCfg = Release|x64
		{9FBBCB8A-20F1-44C4-844E-FE089904DC3E}.Release|x64.Build.0 = Release|x64
		{9FBBCB8A-20F1-44C4-844E-FE089904DC3E}.Release|x86.ActiveCfg = Release|Win32
		{9FBBCB8A-20F1-44C4-844E-FE089904DC3E}.Release|x86.Build.0 = Release|Win32
		{D90FE11F-24C6-4A28-9D98-9E96FF170210}.Debug|x64.ActiveCfg = Debug|x64
		{D90FE11F-24C6-4A28-9D98-9E96FF170210}.Debug|x64.Build.0 = Debug|x64
		{D90FE11F-24C6-4A28-9D98-9E96FF170210}.Debug|x86.ActiveCfg = Debug|Win32
		{D90FE11F-24C6-4A28-9D98-9E96FF170210}.Debug|x86.Build.0 = Debug|Win32
		{D90FE11F-24C6-4A28-9D98-9E96FF170210}.Release|x64.ActiveCfg = Release|x64
		{D90FE11F-24C6-4A28-9D98-9E96FF170210}.Release|x64.Build.0 = Release|x64
		{D90FE11F-24C6-4A28-9D98-9E96FF170210}.Release|x86.ActiveCfg = Release|Win32
		{D90FE11F-24C6-4A28-9D98-9E96FF170210}.Release|x86.Build.0 = Release|Win32
		{1155CD63-EE04-45CF-997A-23390C157042}.Debug|x64.ActiveCfg = Debug|x64
		{1155CD63-EE04-45CF-997A-23390C157042}.Debug|x64.Build.0 = Debug|x64
		{1155CD63-EE04-45CF-997A-23390C157042}.Debug|x86.ActiveCfg = Debug|Win32
		{1155CD63-EE04-45CF-997A-23390C157042}.Debug|x86.Build.0 = Debug|Win32
		{1155CD63-EE04-45CF-997A-23390C157042}.Release|x64.ActiveCfg = Release|x64
		{1155CD63-EE04-45CF-997A-23390C157042}.Release|x64.Build.0 = Release|x64
		{1155CD63-EE04-45CF-997A-23390C157042}.Release|x86.ActiveCfg = Release|Win32
		{1155CD63-EE04-45CF-997A-23390C157042}.Release|x86.Build.0 = Release|Win32
	EndGlobalSection
	GlobalSection(SolutionProperties) = preSolution
		HideSolutionNode = FALSE
	EndGlobalSection
	GlobalSection(ExtensibilityGlobals) = postSolution
		SolutionGuid = {006938FF-B373-4E1F-916C-B42CD24E4BFE}
	EndGlobalSection
EndGlobal
